
Microsoft Visual Studio Solution File, Format Version 12.00
# Visual Studio 15
VisualStudioVersion = 15.0.27130.2027
MinimumVisualStudioVersion = 10.0.40219.1
Project("{FAE04EC0-301F-11D3-BF4B-00C04F79EFBC}") = "HomeBudget", "HomeBudget\HomeBudget.csproj", "{8BF3FAF9-A774-4525-8D1B-A2D6ACC822CA}"
EndProject
Global
	GlobalSection(SolutionConfigurationPlatforms) = preSolution
		Debug|Any CPU = Debug|Any CPU
		Release|Any CPU = Release|Any CPU
	EndGlobalSection
	GlobalSection(ProjectConfigurationPlatforms) = postSolution
		{8BF3FAF9-A774-4525-8D1B-A2D6ACC822CA}.Debug|Any CPU.ActiveCfg = Debug|Any CPU
		{8BF3FAF9-A774-4525-8D1B-A2D6ACC822CA}.Debug|Any CPU.Build.0 = Debug|Any CPU
		{8BF3FAF9-A774-4525-8D1B-A2D6ACC822CA}.Release|Any CPU.ActiveCfg = Release|Any CPU
		{8BF3FAF9-A774-4525-8D1B-A2D6ACC822CA}.Release|Any CPU.Build.0 = Release|Any CPU
	EndGlobalSection
	GlobalSection(SolutionProperties) = preSolution
		HideSolutionNode = FALSE
	EndGlobalSection
	GlobalSection(ExtensibilityGlobals) = postSolution
		SolutionGuid = {9581F808-BCA5-44AF-977C-584592F44BA5}
	EndGlobalSection
EndGlobal
